# This file is automatically @generated by Poetry 1.5.1 and should not be changed by hand.

[[package]]
name = "clique"
version = "1.6.1"
description = "Manage collections with common numerical component"
optional = true
python-versions = ">=2.7, <4.0"
files = [
    {file = "clique-1.6.1-py2.py3-none-any.whl", hash = "sha256:8619774fa035661928dd8c93cd805acf2d42533ccea1b536c09815ed426c9858"},
    {file = "clique-1.6.1.tar.gz", hash = "sha256:90165c1cf162d4dd1baef83ceaa1afc886b453e379094fa5b60ea470d1733e66"},
]

[package.extras]
dev = ["lowdown (>=0.2.0,<1)", "pytest (>=2.3.5,<5)", "pytest-cov (>=2,<3)", "pytest-runner (>=2.7,<3)", "sphinx (>=2,<4)", "sphinx-rtd-theme (>=0.1.6,<1)"]
doc = ["lowdown (>=0.2.0,<1)", "sphinx (>=2,<4)", "sphinx-rtd-theme (>=0.1.6,<1)"]
test = ["pytest (>=2.3.5,<5)", "pytest-cov (>=2,<3)", "pytest-runner (>=2.7,<3)"]

[[package]]
name = "ftrack-utils"
version = "2.0.0rc9"
description = "ftrack utils library"
optional = true
python-versions = ">=3.7,<3.12"
files = [
    {file = "ftrack_utils-2.0.0rc9-py3-none-any.whl", hash = "sha256:f3f8236a32d3fc13170f71210afc6b5efda7ec3da40d3e4ef4c9026e80d38a69"},
    {file = "ftrack_utils-2.0.0rc9.tar.gz", hash = "sha256:dd9bb2157d10186eb7b5db4c75663dd204d743ca4d64eab89ba40a02de9c9052"},
]

[package.dependencies]
clique = "1.6.1"
six = ">=1,<2"
toml = ">=0.10.2,<0.11.0"

[package.source]
type = "legacy"
url = "https://test.pypi.org/simple"
reference = "testpypi"

[[package]]
name = "packaging"
version = "23.2"
description = "Core utilities for Python packages"
optional = false
python-versions = ">=3.7"
files = [
    {file = "packaging-23.2-py3-none-any.whl", hash = "sha256:8c491190033a9af7e1d931d0b5dacc2ef47509b34dd0de67ed209b5203fc88c7"},
    {file = "packaging-23.2.tar.gz", hash = "sha256:048fb0e9405036518eaaf48a55953c750c11e1a1b68e0dd1a9d62ed0c092cfc5"},
]

[[package]]
name = "qtawesome"
version = "1.3.0"
description = "FontAwesome icons in PyQt and PySide applications"
optional = false
python-versions = ">=3.7"
files = [
    {file = "QtAwesome-1.3.0-py3-none-any.whl", hash = "sha256:f4da336c9a913627eef7f95ca94bcc72c99b918ade859de5b9f8070fdcd660c5"},
    {file = "QtAwesome-1.3.0.tar.gz", hash = "sha256:104ed030e2c2237606898a621e8b2dc3f0a64c753a54d7bd6fa0015345fb1ad2"},
]

[package.dependencies]
qtpy = "*"

[[package]]
name = "qtpy"
version = "2.4.1"
description = "Provides an abstraction layer on top of the various Qt bindings (PyQt5/6 and PySide2/6)."
optional = false
python-versions = ">=3.7"
files = [
    {file = "QtPy-2.4.1-py3-none-any.whl", hash = "sha256:1c1d8c4fa2c884ae742b069151b0abe15b3f70491f3972698c683b8e38de839b"},
    {file = "QtPy-2.4.1.tar.gz", hash = "sha256:a5a15ffd519550a1361bdc56ffc07fda56a6af7292f17c7b395d4083af632987"},
]

[package.dependencies]
packaging = "*"

[package.extras]
test = ["pytest (>=6,!=7.0.0,!=7.0.1)", "pytest-cov (>=3.0.0)", "pytest-qt"]

[[package]]
name = "six"
version = "1.16.0"
description = "Python 2 and 3 compatibility utilities"
optional = true
python-versions = ">=2.7, !=3.0.*, !=3.1.*, !=3.2.*"
files = [
    {file = "six-1.16.0-py2.py3-none-any.whl", hash = "sha256:8abb2f1d86890a2dfb989f9a77cfcfd3e47c2a354b01111771326f8aa26e0254"},
    {file = "six-1.16.0.tar.gz", hash = "sha256:1e61c37477a1626458e36f7b1d82aa5c9b094fa4802892072e49de9c60c4c926"},
]

[[package]]
name = "toml"
version = "0.10.2"
description = "Python Library for Tom's Obvious, Minimal Language"
optional = true
python-versions = ">=2.6, !=3.0.*, !=3.1.*, !=3.2.*"
files = [
    {file = "toml-0.10.2-py2.py3-none-any.whl", hash = "sha256:806143ae5bfb6a3c6e736a764057db0e6a0e05e338b5630894a5f779cabb4f9b"},
    {file = "toml-0.10.2.tar.gz", hash = "sha256:b3bda1d108d5dd99f4a20d24d9c348e91c4db7ab1b749200bded2f839ccbe68f"},
]

[extras]
ftrack-libs = ["ftrack-utils"]

[metadata]
lock-version = "2.0"
python-versions = ">= 3.7, < 3.9"
content-hash = "d3d20d8e5ae3b0b95bb86edb86542fe9a3aeb1e96deef97d39f4aa26d05195af"
