# This file is automatically @generated by Poetry 1.5.1 and should not be changed by hand.

[[package]]
name = "clique"
version = "1.6.1"
description = "Manage collections with common numerical component"
optional = true
python-versions = ">=2.7, <4.0"
files = [
    {file = "clique-1.6.1-py2.py3-none-any.whl", hash = "sha256:8619774fa035661928dd8c93cd805acf2d42533ccea1b536c09815ed426c9858"},
    {file = "clique-1.6.1.tar.gz", hash = "sha256:90165c1cf162d4dd1baef83ceaa1afc886b453e379094fa5b60ea470d1733e66"},
]

[package.extras]
dev = ["lowdown (>=0.2.0,<1)", "pytest (>=2.3.5,<5)", "pytest-cov (>=2,<3)", "pytest-runner (>=2.7,<3)", "sphinx (>=2,<4)", "sphinx-rtd-theme (>=0.1.6,<1)"]
doc = ["lowdown (>=0.2.0,<1)", "sphinx (>=2,<4)", "sphinx-rtd-theme (>=0.1.6,<1)"]
test = ["pytest (>=2.3.5,<5)", "pytest-cov (>=2,<3)", "pytest-runner (>=2.7,<3)"]

[[package]]
name = "ftrack-constants"
version = "2.0.0"
description = "ftrack constants library"
optional = true
python-versions = ">=3.7,<3.12"
files = [
    {file = "ftrack_constants-2.0.0-py3-none-any.whl", hash = "sha256:b360ba242315d5e4d1064921a0ccee714c70955f0b385edfc8ad2a9be0c8a080"},
    {file = "ftrack_constants-2.0.0.tar.gz", hash = "sha256:93714b0ad06f02dcce5c08b9f767d6ccf00a71e18f66703227ae0e23cd7d0488"},
]

[package.extras]
ftrack-libs = ["ftrack-utils (>=2.0.0,<3.0.0)"]

[[package]]
name = "ftrack-qt-style"
version = "2.0.0"
description = "ftrack qt style library"
optional = true
python-versions = ">=3.7,<3.12"
files = [
    {file = "ftrack_qt_style-2.0.0-py3-none-any.whl", hash = "sha256:5596d01a67ce196f0c12af7630362ffda7a017ce70a62f13c223510abcb154a6"},
    {file = "ftrack_qt_style-2.0.0.tar.gz", hash = "sha256:3241508fb4d73070ca5480544f2c7c0527ea43f0cd35e8a37572eaebd2eac11e"},
]

[package.extras]
ftrack-libs = ["ftrack-utils (>=2.0.0,<3.0.0)"]

[[package]]
name = "ftrack-utils"
version = "2.0.1"
description = "ftrack utils library"
optional = true
python-versions = ">=3.7,<3.12"
files = [
    {file = "ftrack_utils-2.0.1-py3-none-any.whl", hash = "sha256:eab6ea87b7210afc67397ac02a5a6c8fea31ed13e2f1ec1dfee3514ef03b7b07"},
    {file = "ftrack_utils-2.0.1.tar.gz", hash = "sha256:77845fb8c1a949846abc9a790bbc16d367ba4e118e45c2afec6e34e27cb65285"},
]

[package.dependencies]
clique = "1.6.1"
six = ">=1,<2"
toml = ">=0.10.2,<0.11.0"

[[package]]
name = "pyside6"
version = "6.5.3"
description = "Python bindings for the Qt cross-platform application and UI framework"
optional = true
python-versions = "<3.12,>=3.7"
files = [
    {file = "PySide6-6.5.3-cp37-abi3-macosx_11_0_universal2.whl", hash = "sha256:be53e7c64710fc4307afd33147e241a06cd97b18fae887ee611d8d4b373dbb04"},
    {file = "PySide6-6.5.3-cp37-abi3-manylinux_2_28_x86_64.whl", hash = "sha256:84f3d3e278e5ea00f1558ac7e1eeb382bba1df7732bdb025ee654e7b4b3cd451"},
    {file = "PySide6-6.5.3-cp37-abi3-manylinux_2_31_aarch64.whl", hash = "sha256:48f4579ca49225cfff8f512178551bdf6aa9031198527f71799bcc061a0f2327"},
    {file = "PySide6-6.5.3-cp37-abi3-win_amd64.whl", hash = "sha256:aaaf5acfaaf9575740df03ee1aa706e2f38d8fcca2255acbbd3a5701f6f2f416"},
]

[package.dependencies]
PySide6-Addons = "6.5.3"
PySide6-Essentials = "6.5.3"
shiboken6 = "6.5.3"

[[package]]
name = "pyside6-addons"
version = "6.5.3"
description = "Python bindings for the Qt cross-platform application and UI framework (Addons)"
optional = true
python-versions = "<3.12,>=3.7"
files = [
    {file = "PySide6_Addons-6.5.3-cp37-abi3-macosx_11_0_universal2.whl", hash = "sha256:047162b158ee929d43c21cdc3ac48e75fec612f2e5492b317190fac98d2de5c6"},
    {file = "PySide6_Addons-6.5.3-cp37-abi3-manylinux_2_28_x86_64.whl", hash = "sha256:e5bc1fa95351182dc2c003e07320d5509218ccc0840d10197d7d452aa5de5d2e"},
    {file = "PySide6_Addons-6.5.3-cp37-abi3-manylinux_2_31_aarch64.whl", hash = "sha256:be0dcfb15d44c2973c3c122058f1df8c3c9d93abd4170534e06dbf986aa30e26"},
    {file = "PySide6_Addons-6.5.3-cp37-abi3-win_amd64.whl", hash = "sha256:dd1d294d48798bd297bde02d3ea02f313a86e38ed3944519228466bdfb537961"},
]

[package.dependencies]
PySide6-Essentials = "6.5.3"
shiboken6 = "6.5.3"

[[package]]
name = "pyside6-essentials"
version = "6.5.3"
description = "Python bindings for the Qt cross-platform application and UI framework (Essentials)"
optional = true
python-versions = "<3.12,>=3.7"
files = [
    {file = "PySide6_Essentials-6.5.3-cp37-abi3-macosx_11_0_universal2.whl", hash = "sha256:4d9c95ded938e557052fc67efe68d57108856df141a1b499497fd7999419e3eb"},
    {file = "PySide6_Essentials-6.5.3-cp37-abi3-manylinux_2_28_x86_64.whl", hash = "sha256:45580138be91f5fdcefb4d28dadb56d3640eb658575af97b49057e10c22a024d"},
    {file = "PySide6_Essentials-6.5.3-cp37-abi3-manylinux_2_31_aarch64.whl", hash = "sha256:8244bc185b0243ba7c4491033e592b247e44a63d69213e9a45ee38e87e0f1f90"},
    {file = "PySide6_Essentials-6.5.3-cp37-abi3-win_amd64.whl", hash = "sha256:f928b98ec349c87f9ccc63a482917779f59fa646893722c53c2fe2a1e4f335e0"},
]

[package.dependencies]
shiboken6 = "6.5.3"

[[package]]
name = "shiboken6"
version = "6.5.3"
description = "Python/C++ bindings helper module"
optional = true
python-versions = "<3.12,>=3.7"
files = [
    {file = "shiboken6-6.5.3-cp37-abi3-macosx_11_0_universal2.whl", hash = "sha256:faaca92dcbbf26c0ae13f189746c38482e40859e0897b0ed4dee5e04f69fda71"},
    {file = "shiboken6-6.5.3-cp37-abi3-manylinux_2_28_x86_64.whl", hash = "sha256:4cdda98df511243c40f1dd4d9eac25a7191c2583ac673147ecdae0ffa3b9223f"},
    {file = "shiboken6-6.5.3-cp37-abi3-manylinux_2_31_aarch64.whl", hash = "sha256:1bc928ca9f1c1d16ff8fe0585627738a15552bb3329c04fca2c74a443618a6b3"},
    {file = "shiboken6-6.5.3-cp37-abi3-win_amd64.whl", hash = "sha256:a013367e38a12b3f69ba02e79f133df4fba8d21b55a78c6999cdb31c25609524"},
]

[[package]]
name = "six"
version = "1.16.0"
description = "Python 2 and 3 compatibility utilities"
optional = true
python-versions = ">=2.7, !=3.0.*, !=3.1.*, !=3.2.*"
files = [
    {file = "six-1.16.0-py2.py3-none-any.whl", hash = "sha256:8abb2f1d86890a2dfb989f9a77cfcfd3e47c2a354b01111771326f8aa26e0254"},
    {file = "six-1.16.0.tar.gz", hash = "sha256:1e61c37477a1626458e36f7b1d82aa5c9b094fa4802892072e49de9c60c4c926"},
]

[[package]]
name = "toml"
version = "0.10.2"
description = "Python Library for Tom's Obvious, Minimal Language"
optional = true
python-versions = ">=2.6, !=3.0.*, !=3.1.*, !=3.2.*"
files = [
    {file = "toml-0.10.2-py2.py3-none-any.whl", hash = "sha256:806143ae5bfb6a3c6e736a764057db0e6a0e05e338b5630894a5f779cabb4f9b"},
    {file = "toml-0.10.2.tar.gz", hash = "sha256:b3bda1d108d5dd99f4a20d24d9c348e91c4db7ab1b749200bded2f839ccbe68f"},
]

[extras]
ftrack-libs = ["ftrack-constants", "ftrack-qt-style", "ftrack-utils"]
pyside = ["PySide6"]

[metadata]
lock-version = "2.0"
python-versions = ">= 3.7, < 3.12"
content-hash = "495697988d7abd11bb2ce208cb27936b225f97c0178a3012d74f26b5c08b2f85"
