# This file is automatically @generated by Poetry 1.5.1 and should not be changed by hand.

[[package]]
name = "clique"
version = "1.6.1"
description = "Manage collections with common numerical component"
optional = true
python-versions = ">=2.7, <4.0"
files = [
    {file = "clique-1.6.1-py2.py3-none-any.whl", hash = "sha256:8619774fa035661928dd8c93cd805acf2d42533ccea1b536c09815ed426c9858"},
    {file = "clique-1.6.1.tar.gz", hash = "sha256:90165c1cf162d4dd1baef83ceaa1afc886b453e379094fa5b60ea470d1733e66"},
]

[package.extras]
dev = ["lowdown (>=0.2.0,<1)", "pytest (>=2.3.5,<5)", "pytest-cov (>=2,<3)", "pytest-runner (>=2.7,<3)", "sphinx (>=2,<4)", "sphinx-rtd-theme (>=0.1.6,<1)"]
doc = ["lowdown (>=0.2.0,<1)", "sphinx (>=2,<4)", "sphinx-rtd-theme (>=0.1.6,<1)"]
test = ["pytest (>=2.3.5,<5)", "pytest-cov (>=2,<3)", "pytest-runner (>=2.7,<3)"]

[[package]]
name = "ftrack-constants"
version = "2.0.0rc5"
description = "ftrack constants library"
optional = true
python-versions = ">=3.7,<3.12"
files = [
    {file = "ftrack_constants-2.0.0rc5-py3-none-any.whl", hash = "sha256:19223d27cd7b3d8ac4f474879e8cf6343dceaeb31eeb55c41df1dcadc832a92e"},
    {file = "ftrack_constants-2.0.0rc5.tar.gz", hash = "sha256:24c307c0a82d79519f536d6ef164b562885a99fb54b71c7bda8cf6c53a946ecf"},
]

[package.extras]
ftrack-libs = ["ftrack-utils (>=2.0.0rc1,<3.0.0)"]

[package.source]
type = "legacy"
url = "https://test.pypi.org/simple"
reference = "testpypi"

[[package]]
name = "ftrack-qt-style"
version = "2.0.0rc3"
description = "ftrack qt style library"
optional = true
python-versions = ">=3.7,<3.12"
files = [
    {file = "ftrack_qt_style-2.0.0rc3-py3-none-any.whl", hash = "sha256:ecacaaef3c56fd89a234aed8b15fed3598d33ddefc630edbde8e823ec197e819"},
    {file = "ftrack_qt_style-2.0.0rc3.tar.gz", hash = "sha256:6da269e5946ff07bf3d1ba2dc381a13e8986ab5f7581d16193b70ae375aa7073"},
]

[package.extras]
ftrack-libs = ["ftrack-utils (>=2.0.0rc1,<3.0.0)"]

[package.source]
type = "legacy"
url = "https://test.pypi.org/simple"
reference = "testpypi"

[[package]]
name = "ftrack-utils"
version = "2.0.0rc8"
description = "ftrack utils library"
optional = true
python-versions = ">=3.7,<3.12"
files = [
    {file = "ftrack_utils-2.0.0rc8-py3-none-any.whl", hash = "sha256:6001d42bfa0f496883ee42133e0befff9c4fcdf9fbd0cfdf9b9edd9bbddf0829"},
    {file = "ftrack_utils-2.0.0rc8.tar.gz", hash = "sha256:8974754a5412f8df05f65424abb0ef77e1cfdb3796dce3113ba297f12dc1f733"},
]

[package.dependencies]
clique = "1.6.1"
six = ">=1,<2"
toml = ">=0.10.2,<0.11.0"

[package.source]
type = "legacy"
url = "https://test.pypi.org/simple"
reference = "testpypi"

[[package]]
name = "pyside2"
version = "5.13.2"
description = "Python bindings for the Qt cross-platform application and UI framework"
optional = true
python-versions = "*"
files = [
    {file = "PySide2-5.13.2-5.13.2-cp27-cp27m-macosx_10_12_intel.whl", hash = "sha256:ede8ed6e7021232184829d16614eb153f188ea250862304eac35e04b2bd0120c"},
    {file = "PySide2-5.13.2-5.13.2-cp27-cp27mu-manylinux1_x86_64.whl", hash = "sha256:63cc845434388b398b79b65f7b5312b9b5348fbc772d84092c9245efbf341197"},
    {file = "PySide2-5.13.2-5.13.2-cp35.cp36.cp37-abi3-macosx_10_12_intel.whl", hash = "sha256:ed6d22c7a3a99f480d4c9348bcced97ef7bc0c9d353ad3665ae705e8eb61feb5"},
    {file = "PySide2-5.13.2-5.13.2-cp35.cp36.cp37-abi3-manylinux1_x86_64.whl", hash = "sha256:7c57fe60ed57a3a8b95d9163abca9caa803a1470f29b40bff8ef4103b97a96c8"},
    {file = "PySide2-5.13.2-5.13.2-cp35.cp36.cp37-none-win32.whl", hash = "sha256:7c61a6883f3474939097b9dabc80f028887046be003ce416da1b3565a08d1f92"},
    {file = "PySide2-5.13.2-5.13.2-cp35.cp36.cp37-none-win_amd64.whl", hash = "sha256:589b90944c24046d31bf76694590a600d59d20130015086491b793a81753629a"},
]

[package.dependencies]
shiboken2 = "5.13.2"

[[package]]
name = "qt-py"
version = "1.3.10"
description = "Python 2 & 3 compatibility wrapper around all Qt bindings - PySide, PySide2, PyQt4 and PyQt5."
optional = false
python-versions = "*"
files = [
    {file = "Qt.py-1.3.10-py2.py3-none-any.whl", hash = "sha256:16826a5ce0574ffbb2b41d78ec6715b56016db3b7e3ee5f54cf65123331afb5d"},
    {file = "Qt.py-1.3.10.tar.gz", hash = "sha256:7d25e8da870e7955b15619894cd085893ed0556cafb946836c2037b589403328"},
]

[package.dependencies]
types-PySide2 = "*"

[[package]]
name = "shiboken2"
version = "5.13.2"
description = "Python / C++ bindings helper module"
optional = true
python-versions = "*"
files = [
    {file = "shiboken2-5.13.2-5.13.2-cp27-cp27m-macosx_10_12_intel.whl", hash = "sha256:7c766c4160636a238e0e4430e2f40b504b13bcc4951902eb78cd5c971f26c898"},
    {file = "shiboken2-5.13.2-5.13.2-cp27-cp27mu-manylinux1_x86_64.whl", hash = "sha256:e6543506cb353d417961b9ec3c6fc726ec2f72eeab609dc88943c2e5cb6d6408"},
    {file = "shiboken2-5.13.2-5.13.2-cp35.cp36.cp37-abi3-macosx_10_12_intel.whl", hash = "sha256:ca08a3c95b1b20ac2b243b7b06379609bd73929dbc27b28c01415feffe3bcea1"},
    {file = "shiboken2-5.13.2-5.13.2-cp35.cp36.cp37-abi3-manylinux1_x86_64.whl", hash = "sha256:81fa9b288c6c4b4c91220fcca2002eadb48fc5c3238e8bd88e982e00ffa77c53"},
    {file = "shiboken2-5.13.2-5.13.2-cp35.cp36.cp37-none-win32.whl", hash = "sha256:e2f72b5cfdb8b48bdb55bda4b42ec7d36d1bce0be73d6d7d4a358225d6fb5f25"},
    {file = "shiboken2-5.13.2-5.13.2-cp35.cp36.cp37-none-win_amd64.whl", hash = "sha256:5e84a4b4e7ab08bb5db0a8168e5d0316fbf3c25b788012701a82079faadfb19b"},
]

[[package]]
name = "six"
version = "1.16.0"
description = "Python 2 and 3 compatibility utilities"
optional = true
python-versions = ">=2.7, !=3.0.*, !=3.1.*, !=3.2.*"
files = [
    {file = "six-1.16.0-py2.py3-none-any.whl", hash = "sha256:8abb2f1d86890a2dfb989f9a77cfcfd3e47c2a354b01111771326f8aa26e0254"},
    {file = "six-1.16.0.tar.gz", hash = "sha256:1e61c37477a1626458e36f7b1d82aa5c9b094fa4802892072e49de9c60c4c926"},
]

[[package]]
name = "toml"
version = "0.10.2"
description = "Python Library for Tom's Obvious, Minimal Language"
optional = true
python-versions = ">=2.6, !=3.0.*, !=3.1.*, !=3.2.*"
files = [
    {file = "toml-0.10.2-py2.py3-none-any.whl", hash = "sha256:806143ae5bfb6a3c6e736a764057db0e6a0e05e338b5630894a5f779cabb4f9b"},
    {file = "toml-0.10.2.tar.gz", hash = "sha256:b3bda1d108d5dd99f4a20d24d9c348e91c4db7ab1b749200bded2f839ccbe68f"},
]

[[package]]
name = "types-pyside2"
version = "5.15.2.1.6"
description = "The most accurate stubs for PySide2"
optional = false
python-versions = "*"
files = [
    {file = "types_pyside2-5.15.2.1.6-py2.py3-none-any.whl", hash = "sha256:5bc2763bc6b595b2c5fc1191ce5147dcc6f44d56efdc2b264b6c082282cc1c57"},
    {file = "types_pyside2-5.15.2.1.6.tar.gz", hash = "sha256:de4b575e57fdb9e5fd8507537cdd770866fdbe1972eadc3793b2026eaec92875"},
]

[extras]
ftrack-libs = ["ftrack-constants", "ftrack-qt-style", "ftrack-utils"]
pyside = ["PySide2"]

[metadata]
lock-version = "2.0"
python-versions = ">= 3.7, < 3.12"
content-hash = "c930639d51f33cd70b666f14191ecbf0f47cd61188a2e5cafc1e1f59f221fa1e"
