# This file is automatically @generated by Poetry 1.5.1 and should not be changed by hand.

[[package]]
name = "clique"
version = "1.6.1"
description = "Manage collections with common numerical component"
optional = true
python-versions = ">=2.7, <4.0"
files = [
    {file = "clique-1.6.1-py2.py3-none-any.whl", hash = "sha256:8619774fa035661928dd8c93cd805acf2d42533ccea1b536c09815ed426c9858"},
    {file = "clique-1.6.1.tar.gz", hash = "sha256:90165c1cf162d4dd1baef83ceaa1afc886b453e379094fa5b60ea470d1733e66"},
]

[package.extras]
dev = ["lowdown (>=0.2.0,<1)", "pytest (>=2.3.5,<5)", "pytest-cov (>=2,<3)", "pytest-runner (>=2.7,<3)", "sphinx (>=2,<4)", "sphinx-rtd-theme (>=0.1.6,<1)"]
doc = ["lowdown (>=0.2.0,<1)", "sphinx (>=2,<4)", "sphinx-rtd-theme (>=0.1.6,<1)"]
test = ["pytest (>=2.3.5,<5)", "pytest-cov (>=2,<3)", "pytest-runner (>=2.7,<3)"]

[[package]]
name = "ftrack-utils"
version = "2.1.0rc1"
description = "ftrack utils library"
optional = true
python-versions = ">=3.7,<3.12"
files = [
    {file = "ftrack_utils-2.1.0rc1-py3-none-any.whl", hash = "sha256:22d4d7817d7a6e5a2493465410d996404a6980a4b0f50940a76f6982949a62dd"},
    {file = "ftrack_utils-2.1.0rc1.tar.gz", hash = "sha256:0aebc6e5030414c69e229c4114eaaa70204b4ab468f5edf132fa339617367bdb"},
]

[package.dependencies]
clique = "1.6.1"
six = ">=1,<2"
toml = ">=0.10.2,<0.11.0"

[package.source]
type = "legacy"
url = "https://test.pypi.org/simple"
reference = "testpypi"

[[package]]
name = "six"
version = "1.16.0"
description = "Python 2 and 3 compatibility utilities"
optional = true
python-versions = ">=2.7, !=3.0.*, !=3.1.*, !=3.2.*"
files = [
    {file = "six-1.16.0-py2.py3-none-any.whl", hash = "sha256:8abb2f1d86890a2dfb989f9a77cfcfd3e47c2a354b01111771326f8aa26e0254"},
    {file = "six-1.16.0.tar.gz", hash = "sha256:1e61c37477a1626458e36f7b1d82aa5c9b094fa4802892072e49de9c60c4c926"},
]

[[package]]
name = "toml"
version = "0.10.2"
description = "Python Library for Tom's Obvious, Minimal Language"
optional = true
python-versions = ">=2.6, !=3.0.*, !=3.1.*, !=3.2.*"
files = [
    {file = "toml-0.10.2-py2.py3-none-any.whl", hash = "sha256:806143ae5bfb6a3c6e736a764057db0e6a0e05e338b5630894a5f779cabb4f9b"},
    {file = "toml-0.10.2.tar.gz", hash = "sha256:b3bda1d108d5dd99f4a20d24d9c348e91c4db7ab1b749200bded2f839ccbe68f"},
]

[extras]
ftrack-libs = ["ftrack-utils"]

[metadata]
lock-version = "2.0"
python-versions = ">= 3.7, < 3.9"
content-hash = "e091a818f2eb005494216509958cebf8ce7037e6696ac26a3f945c2c61eff323"
